
Microsoft Visual Studio Solution File, Format Version 11.00
# Visual C# Express 2010
Project("{FAE04EC0-301F-11D3-BF4B-00C04F79EFBC}") = "Exemplo4", "Exemplo4\Exemplo4.csproj", "{03252007-6B1C-4E4E-8154-F19BC2D3F8AD}"
EndProject
Global
	GlobalSection(SolutionConfigurationPlatforms) = preSolution
		Debug|x86 = Debug|x86
		Release|x86 = Release|x86
	EndGlobalSection
	GlobalSection(ProjectConfigurationPlatforms) = postSolution
		{03252007-6B1C-4E4E-8154-F19BC2D3F8AD}.Debug|x86.ActiveCfg = Debug|x86
		{03252007-6B1C-4E4E-8154-F19BC2D3F8AD}.Debug|x86.Build.0 = Debug|x86
		{03252007-6B1C-4E4E-8154-F19BC2D3F8AD}.Release|x86.ActiveCfg = Release|x86
		{03252007-6B1C-4E4E-8154-F19BC2D3F8AD}.Release|x86.Build.0 = Release|x86
	EndGlobalSection
	GlobalSection(SolutionProperties) = preSolution
		HideSolutionNode = FALSE
	EndGlobalSection
EndGlobal
